
Microsoft Visual Studio Solution File, Format Version 12.00
# Visual Studio 15
VisualStudioVersion = 15.0.28307.779
MinimumVisualStudioVersion = 10.0.40219.1
Project("{2150E333-8FDC-42A3-9474-1A3956D46DE8}") = "01 - Web", "01 - Web", "{42C88185-E3C0-42EA-8B72-A15FF04BB838}"
EndProject
Project("{FAE04EC0-301F-11D3-BF4B-00C04F79EFBC}") = "DefaultTestUnit.Web.UI", "DefaultTestUnit.Web.UI\DefaultTestUnit.Web.UI.csproj", "{1A71DF14-2798-4D28-8966-5998EE8A60E6}"
EndProject
Project("{2150E333-8FDC-42A3-9474-1A3956D46DE8}") = "03 - ApplicationService", "03 - ApplicationService", "{B6D45F20-CD6B-4411-8C75-8626F253A760}"
EndProject
Project("{2150E333-8FDC-42A3-9474-1A3956D46DE8}") = "04 - Infrastructure", "04 - Infrastructure", "{999F449A-6219-4FAD-8A9B-1DE361CDAB56}"
EndProject
Project("{2150E333-8FDC-42A3-9474-1A3956D46DE8}") = "05 - Tests", "05 - Tests", "{BDD2A16A-402E-401B-8C26-48A441F88C25}"
EndProject
Project("{FAE04EC0-301F-11D3-BF4B-00C04F79EFBC}") = "DefaultTestUnit.Application", "DefaultTestUnit.Application\DefaultTestUnit.Application.csproj", "{F06E05CF-82BF-406F-9899-0A9812760E68}"
EndProject
Project("{FAE04EC0-301F-11D3-BF4B-00C04F79EFBC}") = "DefaultTestUnit.Infrastructure.Data", "DefaultTestUnit.Infrastructure.Data\DefaultTestUnit.Infrastructure.Data.csproj", "{70A39EEB-ED8B-4533-8FF4-C38B7F1BDD1B}"
EndProject
Project("{FAE04EC0-301F-11D3-BF4B-00C04F79EFBC}") = "DefaultTestUnit.Test.Units", "DefaultTestUnit.Test.Units\DefaultTestUnit.Test.Units.csproj", "{E2474052-C033-4DDF-8422-860C586D2D78}"
EndProject
Project("{FAE04EC0-301F-11D3-BF4B-00C04F79EFBC}") = "DefaultTestUnit.Test.Integration", "DefaultTestUnit.Test.Integration\DefaultTestUnit.Test.Integration.csproj", "{C9DBD145-693A-4A9E-9F1A-7EC3C04B809B}"
EndProject
Project("{2150E333-8FDC-42A3-9474-1A3956D46DE8}") = "02 - Domain", "02 - Domain", "{DB31E03A-B79D-4EFE-A9B2-B4EB59179F37}"
EndProject
Project("{FAE04EC0-301F-11D3-BF4B-00C04F79EFBC}") = "DefaultTestUnit.Domain", "DefaultTestUnit.Domain\DefaultTestUnit.Domain.csproj", "{A3848D62-52BA-4A08-9766-A3FE0BF721F7}"
EndProject
Global
	GlobalSection(SolutionConfigurationPlatforms) = preSolution
		Debug|Any CPU = Debug|Any CPU
		Release|Any CPU = Release|Any CPU
	EndGlobalSection
	GlobalSection(ProjectConfigurationPlatforms) = postSolution
		{1A71DF14-2798-4D28-8966-5998EE8A60E6}.Debug|Any CPU.ActiveCfg = Debug|Any CPU
		{1A71DF14-2798-4D28-8966-5998EE8A60E6}.Debug|Any CPU.Build.0 = Debug|Any CPU
		{1A71DF14-2798-4D28-8966-5998EE8A60E6}.Release|Any CPU.ActiveCfg = Release|Any CPU
		{1A71DF14-2798-4D28-8966-5998EE8A60E6}.Release|Any CPU.Build.0 = Release|Any CPU
		{F06E05CF-82BF-406F-9899-0A9812760E68}.Debug|Any CPU.ActiveCfg = Debug|Any CPU
		{F06E05CF-82BF-406F-9899-0A9812760E68}.Debug|Any CPU.Build.0 = Debug|Any CPU
		{F06E05CF-82BF-406F-9899-0A9812760E68}.Release|Any CPU.ActiveCfg = Release|Any CPU
		{F06E05CF-82BF-406F-9899-0A9812760E68}.Release|Any CPU.Build.0 = Release|Any CPU
		{70A39EEB-ED8B-4533-8FF4-C38B7F1BDD1B}.Debug|Any CPU.ActiveCfg = Debug|Any CPU
		{70A39EEB-ED8B-4533-8FF4-C38B7F1BDD1B}.Debug|Any CPU.Build.0 = Debug|Any CPU
		{70A39EEB-ED8B-4533-8FF4-C38B7F1BDD1B}.Release|Any CPU.ActiveCfg = Release|Any CPU
		{70A39EEB-ED8B-4533-8FF4-C38B7F1BDD1B}.Release|Any CPU.Build.0 = Release|Any CPU
		{E2474052-C033-4DDF-8422-860C586D2D78}.Debug|Any CPU.ActiveCfg = Debug|Any CPU
		{E2474052-C033-4DDF-8422-860C586D2D78}.Debug|Any CPU.Build.0 = Debug|Any CPU
		{E2474052-C033-4DDF-8422-860C586D2D78}.Release|Any CPU.ActiveCfg = Release|Any CPU
		{E2474052-C033-4DDF-8422-860C586D2D78}.Release|Any CPU.Build.0 = Release|Any CPU
		{C9DBD145-693A-4A9E-9F1A-7EC3C04B809B}.Debug|Any CPU.ActiveCfg = Debug|Any CPU
		{C9DBD145-693A-4A9E-9F1A-7EC3C04B809B}.Debug|Any CPU.Build.0 = Debug|Any CPU
		{C9DBD145-693A-4A9E-9F1A-7EC3C04B809B}.Release|Any CPU.ActiveCfg = Release|Any CPU
		{C9DBD145-693A-4A9E-9F1A-7EC3C04B809B}.Release|Any CPU.Build.0 = Release|Any CPU
		{A3848D62-52BA-4A08-9766-A3FE0BF721F7}.Debug|Any CPU.ActiveCfg = Debug|Any CPU
		{A3848D62-52BA-4A08-9766-A3FE0BF721F7}.Debug|Any CPU.Build.0 = Debug|Any CPU
		{A3848D62-52BA-4A08-9766-A3FE0BF721F7}.Release|Any CPU.ActiveCfg = Release|Any CPU
		{A3848D62-52BA-4A08-9766-A3FE0BF721F7}.Release|Any CPU.Build.0 = Release|Any CPU
	EndGlobalSection
	GlobalSection(SolutionProperties) = preSolution
		HideSolutionNode = FALSE
	EndGlobalSection
	GlobalSection(NestedProjects) = preSolution
		{1A71DF14-2798-4D28-8966-5998EE8A60E6} = {42C88185-E3C0-42EA-8B72-A15FF04BB838}
		{F06E05CF-82BF-406F-9899-0A9812760E68} = {B6D45F20-CD6B-4411-8C75-8626F253A760}
		{70A39EEB-ED8B-4533-8FF4-C38B7F1BDD1B} = {999F449A-6219-4FAD-8A9B-1DE361CDAB56}
		{E2474052-C033-4DDF-8422-860C586D2D78} = {BDD2A16A-402E-401B-8C26-48A441F88C25}
		{C9DBD145-693A-4A9E-9F1A-7EC3C04B809B} = {BDD2A16A-402E-401B-8C26-48A441F88C25}
		{A3848D62-52BA-4A08-9766-A3FE0BF721F7} = {DB31E03A-B79D-4EFE-A9B2-B4EB59179F37}
	EndGlobalSection
	GlobalSection(ExtensibilityGlobals) = postSolution
		SolutionGuid = {D32F4DF3-074F-4A8C-B855-9505FC76BA6E}
	EndGlobalSection
EndGlobal
